
Microsoft Visual Studio Solution File, Format Version 12.00
# Visual Studio Version 16
VisualStudioVersion = 16.0.29215.179
MinimumVisualStudioVersion = 10.0.40219.1
Project("{2150E333-8FDC-42A3-9474-1A3956D46DE8}") = "Domain", "Domain", "{640AEA79-224A-45A6-9387-10B325C0591A}"
EndProject
Project("{2150E333-8FDC-42A3-9474-1A3956D46DE8}") = "Infra.Bus", "Infra.Bus", "{A5B05EB1-00DA-4FD2-9FBB-95ABA631E795}"
EndProject
Project("{2150E333-8FDC-42A3-9474-1A3956D46DE8}") = "Infra.IoC", "Infra.IoC", "{3B552474-2E2C-4906-AA99-FF556546DD16}"
EndProject
Project("{2150E333-8FDC-42A3-9474-1A3956D46DE8}") = "Microservices", "Microservices", "{29157925-F1A0-4996-80CE-B335B67A6997}"
EndProject
Project("{2150E333-8FDC-42A3-9474-1A3956D46DE8}") = "Presentation", "Presentation", "{95DB9795-3D66-4054-8FCC-BC6E015AE002}"
EndProject
Project("{FAE04EC0-301F-11D3-BF4B-00C04F79EFBC}") = "MicroRabbit.Domain.Core", "MicroRabbit.Domain.Core\MicroRabbit.Domain.Core.csproj", "{FB036DFA-5AD6-4F6F-B558-DAC5ECA02F68}"
EndProject
Project("{FAE04EC0-301F-11D3-BF4B-00C04F79EFBC}") = "MicroRabbit.Infra.Bus", "MicroRabbit.Infra.Bus\MicroRabbit.Infra.Bus.csproj", "{992F57FF-1CE7-4DF5-BF7F-794CB16CA547}"
EndProject
Global
	GlobalSection(SolutionConfigurationPlatforms) = preSolution
		Debug|Any CPU = Debug|Any CPU
		Release|Any CPU = Release|Any CPU
	EndGlobalSection
	GlobalSection(ProjectConfigurationPlatforms) = postSolution
		{FB036DFA-5AD6-4F6F-B558-DAC5ECA02F68}.Debug|Any CPU.ActiveCfg = Debug|Any CPU
		{FB036DFA-5AD6-4F6F-B558-DAC5ECA02F68}.Debug|Any CPU.Build.0 = Debug|Any CPU
		{FB036DFA-5AD6-4F6F-B558-DAC5ECA02F68}.Release|Any CPU.ActiveCfg = Release|Any CPU
		{FB036DFA-5AD6-4F6F-B558-DAC5ECA02F68}.Release|Any CPU.Build.0 = Release|Any CPU
		{992F57FF-1CE7-4DF5-BF7F-794CB16CA547}.Debug|Any CPU.ActiveCfg = Debug|Any CPU
		{992F57FF-1CE7-4DF5-BF7F-794CB16CA547}.Debug|Any CPU.Build.0 = Debug|Any CPU
		{992F57FF-1CE7-4DF5-BF7F-794CB16CA547}.Release|Any CPU.ActiveCfg = Release|Any CPU
		{992F57FF-1CE7-4DF5-BF7F-794CB16CA547}.Release|Any CPU.Build.0 = Release|Any CPU
	EndGlobalSection
	GlobalSection(SolutionProperties) = preSolution
		HideSolutionNode = FALSE
	EndGlobalSection
	GlobalSection(NestedProjects) = preSolution
		{FB036DFA-5AD6-4F6F-B558-DAC5ECA02F68} = {640AEA79-224A-45A6-9387-10B325C0591A}
		{992F57FF-1CE7-4DF5-BF7F-794CB16CA547} = {A5B05EB1-00DA-4FD2-9FBB-95ABA631E795}
	EndGlobalSection
	GlobalSection(ExtensibilityGlobals) = postSolution
		SolutionGuid = {F8AC0F30-6CB6-4D51-B6CA-288F67DCA526}
	EndGlobalSection
EndGlobal
